
Microsoft Visual Studio Solution File, Format Version 12.00
# Visual Studio Version 17
VisualStudioVersion = 17.10.35013.160
MinimumVisualStudioVersion = 10.0.40219.1
Project("{FAE04EC0-301F-11D3-BF4B-00C04F79EFBC}") = "m4Installers", "m4Installers\m4Installers.csproj", "{225969D9-B839-449A-856B-E5B3521E1C40}"
EndProject
Global
	GlobalSection(SolutionConfigurationPlatforms) = preSolution
		Debug|Any CPU = Debug|Any CPU
		Release|Any CPU = Release|Any CPU
	EndGlobalSection
	GlobalSection(ProjectConfigurationPlatforms) = postSolution
		{225969D9-B839-449A-856B-E5B3521E1C40}.Debug|Any CPU.ActiveCfg = Debug|Any CPU
		{225969D9-B839-449A-856B-E5B3521E1C40}.Debug|Any CPU.Build.0 = Debug|Any CPU
		{225969D9-B839-449A-856B-E5B3521E1C40}.Release|Any CPU.ActiveCfg = Release|Any CPU
		{225969D9-B839-449A-856B-E5B3521E1C40}.Release|Any CPU.Build.0 = Release|Any CPU
	EndGlobalSection
	GlobalSection(SolutionProperties) = preSolution
		HideSolutionNode = FALSE
	EndGlobalSection
	GlobalSection(ExtensibilityGlobals) = postSolution
		SolutionGuid = {FD27B115-3FD2-4182-B4EA-AFBE44C9EAFC}
	EndGlobalSection
EndGlobal
